
Microsoft Visual Studio Solution File, Format Version 12.00
# Visual Studio Version 17
VisualStudioVersion = 17.6.33717.318
MinimumVisualStudioVersion = 10.0.40219.1
Project("{9A19103F-16F7-4668-BE54-9A1E7A4F7556}") = "Cap6", "Cap6\Cap6.csproj", "{6BA460EA-0E68-4EE5-99E4-2AE2F9F3F093}"
EndProject
Project("{9A19103F-16F7-4668-BE54-9A1E7A4F7556}") = "Cap5", "Cap5\Cap5.csproj", "{587FC392-F1F1-4EC2-B3D7-16F038B2A4FC}"
EndProject
Global
	GlobalSection(SolutionConfigurationPlatforms) = preSolution
		Debug|Any CPU = Debug|Any CPU
		Release|Any CPU = Release|Any CPU
	EndGlobalSection
	GlobalSection(ProjectConfigurationPlatforms) = postSolution
		{6BA460EA-0E68-4EE5-99E4-2AE2F9F3F093}.Debug|Any CPU.ActiveCfg = Debug|Any CPU
		{6BA460EA-0E68-4EE5-99E4-2AE2F9F3F093}.Debug|Any CPU.Build.0 = Debug|Any CPU
		{6BA460EA-0E68-4EE5-99E4-2AE2F9F3F093}.Release|Any CPU.ActiveCfg = Release|Any CPU
		{6BA460EA-0E68-4EE5-99E4-2AE2F9F3F093}.Release|Any CPU.Build.0 = Release|Any CPU
		{587FC392-F1F1-4EC2-B3D7-16F038B2A4FC}.Debug|Any CPU.ActiveCfg = Debug|Any CPU
		{587FC392-F1F1-4EC2-B3D7-16F038B2A4FC}.Debug|Any CPU.Build.0 = Debug|Any CPU
		{587FC392-F1F1-4EC2-B3D7-16F038B2A4FC}.Release|Any CPU.ActiveCfg = Release|Any CPU
		{587FC392-F1F1-4EC2-B3D7-16F038B2A4FC}.Release|Any CPU.Build.0 = Release|Any CPU
	EndGlobalSection
	GlobalSection(SolutionProperties) = preSolution
		HideSolutionNode = FALSE
	EndGlobalSection
	GlobalSection(ExtensibilityGlobals) = postSolution
		SolutionGuid = {8E405593-AD9B-4C85-AE18-4FF6C9D5BFDD}
	EndGlobalSection
EndGlobal
